[[package]]
name = "colorama"
version = "0.4.5"
description = "Cross-platform colored terminal text."
category = "main"
optional = false
python-versions = ">=2.7, !=3.0.*, !=3.1.*, !=3.2.*, !=3.3.*, !=3.4.*"

[[package]]
name = "fire"
version = "0.4.0"
description = "A library for automatically generating command line interfaces."
category = "main"
optional = false
python-versions = "*"

[package.dependencies]
six = "*"
termcolor = "*"

[[package]]
name = "halo"
version = "0.0.31"
description = "Beautiful terminal spinners in Python"
category = "main"
optional = false
python-versions = ">=3.4"

[package.dependencies]
colorama = ">=0.3.9"
log-symbols = ">=0.0.14"
six = ">=1.12.0"
spinners = ">=0.0.24"
termcolor = ">=1.1.0"

[package.extras]
ipython = ["IPython (==5.7.0)", "ipywidgets (==7.1.0)"]

[[package]]
name = "log-symbols"
version = "0.0.14"
description = "Colored symbols for various log levels for Python"
category = "main"
optional = false
python-versions = "*"

[package.dependencies]
colorama = ">=0.3.9"

[[package]]
name = "pytube"
version = "12.1.0"
description = "Python 3 library for downloading YouTube Videos."
category = "main"
optional = false
python-versions = ">=3.6"

[[package]]
name = "six"
version = "1.16.0"
description = "Python 2 and 3 compatibility utilities"
category = "main"
optional = false
python-versions = ">=2.7, !=3.0.*, !=3.1.*, !=3.2.*"

[[package]]
name = "spinners"
version = "0.0.24"
description = "Spinners for terminals"
category = "main"
optional = false
python-versions = "*"

[[package]]
name = "termcolor"
version = "1.1.0"
description = "ANSII Color formatting for output in terminal."
category = "main"
optional = false
python-versions = "*"

[[package]]
name = "tqdm"
version = "4.64.0"
description = "Fast, Extensible Progress Meter"
category = "main"
optional = false
python-versions = "!=3.0.*,!=3.1.*,!=3.2.*,!=3.3.*,>=2.7"

[package.dependencies]
colorama = {version = "*", markers = "platform_system == \"Windows\""}

[package.extras]
dev = ["py-make (>=0.1.0)", "twine", "wheel"]
notebook = ["ipywidgets (>=6)"]
slack = ["slack-sdk"]
telegram = ["requests"]

[metadata]
lock-version = "1.1"
python-versions = "^3.10"
content-hash = "3520ec8ff5c9b45b5111db28d88c9ed74c429be5ae93c884d2f2534898c14060"

[metadata.files]
colorama = [
    {file = "colorama-0.4.5-py2.py3-none-any.whl", hash = "sha256:854bf444933e37f5824ae7bfc1e98d5bce2ebe4160d46b5edf346a89358e99da"},
    {file = "colorama-0.4.5.tar.gz", hash = "sha256:e6c6b4334fc50988a639d9b98aa429a0b57da6e17b9a44f0451f930b6967b7a4"},
]
fire = [
    {file = "fire-0.4.0.tar.gz", hash = "sha256:c5e2b8763699d1142393a46d0e3e790c5eb2f0706082df8f647878842c216a62"},
]
halo = [
    {file = "halo-0.0.31-py2-none-any.whl", hash = "sha256:5350488fb7d2aa7c31a1344120cee67a872901ce8858f60da7946cef96c208ab"},
    {file = "halo-0.0.31.tar.gz", hash = "sha256:7b67a3521ee91d53b7152d4ee3452811e1d2a6321975137762eb3d70063cc9d6"},
]
log-symbols = [
    {file = "log_symbols-0.0.14-py3-none-any.whl", hash = "sha256:4952106ff8b605ab7d5081dd2c7e6ca7374584eff7086f499c06edd1ce56dcca"},
    {file = "log_symbols-0.0.14.tar.gz", hash = "sha256:cf0bbc6fe1a8e53f0d174a716bc625c4f87043cc21eb55dd8a740cfe22680556"},
]
pytube = [
    {file = "pytube-12.1.0-py3-none-any.whl", hash = "sha256:c2e4b1ffdf9eca4c287f881557a6b4f98dd287ecfa06e2e5d5936d39c5f4d8da"},
    {file = "pytube-12.1.0.tar.gz", hash = "sha256:6de1f3a4cb125dd6ff912598c7e88a866325a63cc91755cae616f53c40ae5503"},
]
six = [
    {file = "six-1.16.0-py2.py3-none-any.whl", hash = "sha256:8abb2f1d86890a2dfb989f9a77cfcfd3e47c2a354b01111771326f8aa26e0254"},
    {file = "six-1.16.0.tar.gz", hash = "sha256:1e61c37477a1626458e36f7b1d82aa5c9b094fa4802892072e49de9c60c4c926"},
]
spinners = [
    {file = "spinners-0.0.24-py3-none-any.whl", hash = "sha256:2fa30d0b72c9650ad12bbe031c9943b8d441e41b4f5602b0ec977a19f3290e98"},
    {file = "spinners-0.0.24.tar.gz", hash = "sha256:1eb6aeb4781d72ab42ed8a01dcf20f3002bf50740d7154d12fb8c9769bf9e27f"},
]
termcolor = [
    {file = "termcolor-1.1.0.tar.gz", hash = "sha256:1d6d69ce66211143803fbc56652b41d73b4a400a2891d7bf7a1cdf4c02de613b"},
]
tqdm = [
    {file = "tqdm-4.64.0-py2.py3-none-any.whl", hash = "sha256:74a2cdefe14d11442cedf3ba4e21a3b84ff9a2dbdc6cfae2c34addb2a14a5ea6"},
    {file = "tqdm-4.64.0.tar.gz", hash = "sha256:40be55d30e200777a307a7585aee69e4eabb46b4ec6a4b4a5f2d9f11e7d5408d"},
]
